
Microsoft Visual Studio Solution File, Format Version 12.00
# Visual Studio Version 17
VisualStudioVersion = 17.9.34701.34
MinimumVisualStudioVersion = 10.0.40219.1
Project("{9A19103F-16F7-4668-BE54-9A1E7A4F7556}") = "WeatherApplication", "WeatherApplication\WeatherApplication.csproj", "{04EAA1F1-1DFD-4A92-B5C9-49D6C57215FC}"
EndProject
Project("{9A19103F-16F7-4668-BE54-9A1E7A4F7556}") = "TestWeatherProject", "TestWeatherProject\TestWeatherProject.csproj", "{17C6D386-1806-48A2-A335-48E3194553E8}"
EndProject
Global
	GlobalSection(SolutionConfigurationPlatforms) = preSolution
		Debug|Any CPU = Debug|Any CPU
		Release|Any CPU = Release|Any CPU
	EndGlobalSection
	GlobalSection(ProjectConfigurationPlatforms) = postSolution
		{04EAA1F1-1DFD-4A92-B5C9-49D6C57215FC}.Debug|Any CPU.ActiveCfg = Debug|Any CPU
		{04EAA1F1-1DFD-4A92-B5C9-49D6C57215FC}.Debug|Any CPU.Build.0 = Debug|Any CPU
		{04EAA1F1-1DFD-4A92-B5C9-49D6C57215FC}.Release|Any CPU.ActiveCfg = Release|Any CPU
		{04EAA1F1-1DFD-4A92-B5C9-49D6C57215FC}.Release|Any CPU.Build.0 = Release|Any CPU
		{17C6D386-1806-48A2-A335-48E3194553E8}.Debug|Any CPU.ActiveCfg = Debug|Any CPU
		{17C6D386-1806-48A2-A335-48E3194553E8}.Debug|Any CPU.Build.0 = Debug|Any CPU
		{17C6D386-1806-48A2-A335-48E3194553E8}.Release|Any CPU.ActiveCfg = Release|Any CPU
		{17C6D386-1806-48A2-A335-48E3194553E8}.Release|Any CPU.Build.0 = Release|Any CPU
	EndGlobalSection
	GlobalSection(SolutionProperties) = preSolution
		HideSolutionNode = FALSE
	EndGlobalSection
	GlobalSection(ExtensibilityGlobals) = postSolution
		SolutionGuid = {85F02638-36E6-4F01-807D-CF210EB04211}
	EndGlobalSection
EndGlobal
